// !$*UTF8*$!
{
	archiveVersion = 1;
	classes = {
	};
	objectVersion = 46;
	objects = {

/* Begin PBXBuildFile section */
		F81FB33B1CFDA38800BADE48 /* NSObject+LogTest.m in Sources */ = {isa = PBXBuildFile; fileRef = F81FB33A1CFDA38800BADE48 /* NSObject+LogTest.m */; };
/* End PBXBuildFile section */

/* Begin PBXCopyFilesBuildPhase section */
		F81FB32B1CFDA37900BADE48 /* CopyFiles */ = {
			isa = PBXCopyFilesBuildPhase;
			buildActionMask = 2147483647;
			dstPath = "include/$(PRODUCT_NAME)";
			dstSubfolderSpec = 16;
			files = (
			);
			runOnlyForDeploymentPostprocessing = 0;
		};
/* End PBXCopyFilesBuildPhase section */

/* Begin PBXFileReference section */
		F81FB32D1CFDA37900BADE48 /* libSYKit.a */ = {isa = PBXFileReference; explicitFileType = archive.ar; includeInIndex = 0; path = libSYKit.a; sourceTree = BUILT_PRODUCTS_DIR; };
		F81FB3391CFDA38800BADE48 /* NSObject+LogTest.h */ = {isa = PBXFileReference; fileEncoding = 4; lastKnownFileType = sourcecode.c.h; name = "NSObject+LogTest.h"; path = "../../NSObject+LogTest.h"; sourceTree = "<group>"; };
		F81FB33A1CFDA38800BADE48 /* NSObject+LogTest.m */ = {isa = PBXFileReference; fileEncoding = 4; lastKnownFileType = sourcecode.c.objc; name = "NSObject+LogTest.m"; path = "../../NSObject+LogTest.m"; sourceTree = "<group>"; };
/* End PBXFileReference section */

/* Begin PBXFrameworksBuildPhase section */
		F81FB32A1CFDA37900BADE48 /* Frameworks */ = {
			isa = PBXFrameworksBuildPhase;
			buildActionMask = 2147483647;
			files = (
			);
			runOnlyForDeploymentPostprocessing = 0;
		};
/* End PBXFrameworksBuildPhase section */

/* Begin PBXGroup section */
		F81FB3241CFDA37900BADE48 = {
			isa = PBXGroup;
			children = (
				F81FB32F1CFDA37900BADE48 /* SYKit */,
				F81FB32E1CFDA37900BADE48 /* Products */,
			);
			sourceTree = "<group>";
		};
		F81FB32E1CFDA37900BADE48 /* Products */ = {
			isa = PBXGroup;
			children = (
				F81FB32D1CFDA37900BADE48 /* libSYKit.a */,
			);
			name = Products;
			sourceTree = "<group>";
		};
		F81FB32F1CFDA37900BADE48 /* SYKit */ = {
			isa = PBXGroup;
			children = (
				F81FB3391CFDA38800BADE48 /* NSObject+LogTest.h */,
				F81FB33A1CFDA38800BADE48 /* NSObject+LogTest.m */,
			);
			path = SYKit;
			sourceTree = "<group>";
		};
/* End PBXGroup section */

/* Begin PBXNativeTarget section */
		F81FB32C1CFDA37900BADE48 /* SYKit */ = {
			isa = PBXNativeTarget;
			buildConfigurationList = F81FB3361CFDA37900BADE48 /* Build configuration list for PBXNativeTarget "SYKit" */;
			buildPhases = (
				F81FB3291CFDA37900BADE48 /* Sources */,
				F81FB32A1CFDA37900BADE48 /* Frameworks */,
				F81FB32B1CFDA37900BADE48 /* CopyFiles */,
			);
			buildRules = (
			);
			dependencies = (
			);
			name = SYKit;
			productName = SYKit;
			productReference = F81FB32D1CFDA37900BADE48 /* libSYKit.a */;
			productType = "com.apple.product-type.library.static";
		};
/* End PBXNativeTarget section */

/* Begin PBXProject section */
		F81FB3251CFDA37900BADE48 /* Project object */ = {
			isa = PBXProject;
			attributes = {
				LastUpgradeCheck = 0710;
				ORGANIZATIONNAME = vic_wei;
				TargetAttributes = {
					F81FB32C1CFDA37900BADE48 = {
						CreatedOnToolsVersion = 7.1;
					};
				};
			};
			buildConfigurationList = F81FB3281CFDA37900BADE48 /* Build configuration list for PBXProject "SYKit" */;
			compatibilityVersion = "Xcode 3.2";
			developmentRegion = English;
			hasScannedForEncodings = 0;
			knownRegions = (
				en,
			);
			mainGroup = F81FB3241CFDA37900BADE48;
			productRefGroup = F81FB32E1CFDA37900BADE48 /* Products */;
			projectDirPath = "";
			projectRoot = "";
			targets = (
				F81FB32C1CFDA37900BADE48 /* SYKit */,
			);
		};
/* End PBXProject section */

/* Begin PBXSourcesBuildPhase section */
		F81FB3291CFDA37900BADE48 /* Sources */ = {
			isa = PBXSourcesBuildPhase;
			buildActionMask = 2147483647;
			files = (
				F81FB33B1CFDA38800BADE48 /* NSObject+LogTest.m in Sources */,
			);
			runOnlyForDeploymentPostprocessing = 0;
		};
/* End PBXSourcesBuildPhase section */

/* Begin XCBuildConfiguration section */
		F81FB3341CFDA37900BADE48 /* Debug */ = {
			isa = XCBuildConfiguration;
			buildSettings = {
				ALWAYS_SEARCH_USER_PATHS = NO;
				CLANG_CXX_LANGUAGE_STANDARD = "gnu++0x";
				CLANG_CXX_LIBRARY = "libc++";
				CLANG_ENABLE_MODULES = YES;
				CLANG_ENABLE_OBJC_ARC = YES;
				CLANG_WARN_BOOL_CONVERSION = YES;
				CLANG_WARN_CONSTANT_CONVERSION = YES;
				CLANG_WARN_DIRECT_OBJC_ISA_USAGE = YES_ERROR;
				CLANG_WARN_EMPTY_BODY = YES;
				CLANG_WARN_ENUM_CONVERSION = YES;
				CLANG_WARN_INT_CONVERSION = YES;
				CLANG_WARN_OBJC_ROOT_CLASS = YES_ERROR;
				CLANG_WARN_UNREACHABLE_CODE = YES;
				CLANG_WARN__DUPLICATE_METHOD_MATCH = YES;
				"CODE_SIGN_IDENTITY[sdk=iphoneos*]" = "iPhone Developer";
				COPY_PHASE_STRIP = NO;
				DEBUG_INFORMATION_FORMAT = dwarf;
				ENABLE_STRICT_OBJC_MSGSEND = YES;
				ENABLE_TESTABILITY = YES;
				GCC_C_LANGUAGE_STANDARD = gnu99;
				GCC_DYNAMIC_NO_PIC = NO;
				GCC_NO_COMMON_BLOCKS = YES;
				GCC_OPTIMIZATION_LEVEL = 0;
				GCC_PREPROCESSOR_DEFINITIONS = (
					"DEBUG=1",
					"$(inherited)",
				);
				GCC_WARN_64_TO_32_BIT_CONVERSION = YES;
				GCC_WARN_ABOUT_RETURN_TYPE = YES_ERROR;
				GCC_WARN_UNDECLARED_SELECTOR = YES;
				GCC_WARN_UNINITIALIZED_AUTOS = YES_AGGRESSIVE;
				GCC_WARN_UNUSED_FUNCTION = YES;
				GCC_WARN_UNUSED_VARIABLE = YES;
				IPHONEOS_DEPLOYMENT_TARGET = 9.1;
				MTL_ENABLE_DEBUG_INFO = YES;
				ONLY_ACTIVE_ARCH = YES;
				SDKROOT = iphoneos;
			};
			name = Debug;
		};
		F81FB3351CFDA37900BADE48 /* Release */ = {
			isa = XCBuildConfiguration;
			buildSettings = {
				ALWAYS_SEARCH_USER_PATHS = NO;
				CLANG_CXX_LANGUAGE_STANDARD = "gnu++0x";
				CLANG_CXX_LIBRARY = "libc++";
				CLANG_ENABLE_MODULES = YES;
				CLANG_ENABLE_OBJC_ARC = YES;
				CLANG_WARN_BOOL_CONVERSION = YES;
				CLANG_WARN_CONSTANT_CONVERSION = YES;
				CLANG_WARN_DIRECT_OBJC_ISA_USAGE = YES_ERROR;
				CLANG_WARN_EMPTY_BODY = YES;
				CLANG_WARN_ENUM_CONVERSION = YES;
				CLANG_WARN_INT_CONVERSION = YES;
				CLANG_WARN_OBJC_ROOT_CLASS = YES_ERROR;
				CLANG_WARN_UNREACHABLE_CODE = YES;
				CLANG_WARN__DUPLICATE_METHOD_MATCH = YES;
				"CODE_SIGN_IDENTITY[sdk=iphoneos*]" = "iPhone Developer";
				COPY_PHASE_STRIP = NO;
				DEBUG_INFORMATION_FORMAT = "dwarf-with-dsym";
				ENABLE_NS_ASSERTIONS = NO;
				ENABLE_STRICT_OBJC_MSGSEND = YES;
				GCC_C_LANGUAGE_STANDARD = gnu99;
				GCC_NO_COMMON_BLOCKS = YES;
				GCC_WARN_64_TO_32_BIT_CONVERSION = YES;
				GCC_WARN_ABOUT_RETURN_TYPE = YES_ERROR;
				GCC_WARN_UNDECLARED_SELECTOR = YES;
				GCC_WARN_UNINITIALIZED_AUTOS = YES_AGGRESSIVE;
				GCC_WARN_UNUSED_FUNCTION = YES;
				GCC_WARN_UNUSED_VARIABLE = YES;
				IPHONEOS_DEPLOYMENT_TARGET = 9.1;
				MTL_ENABLE_DEBUG_INFO = NO;
				SDKROOT = iphoneos;
				VALIDATE_PRODUCT = YES;
			};
			name = Release;
		};
		F81FB3371CFDA37900BADE48 /* Debug */ = {
			isa = XCBuildConfiguration;
			buildSettings = {
				OTHER_LDFLAGS = "-ObjC";
				PRODUCT_NAME = "$(TARGET_NAME)";
				SKIP_INSTALL = YES;
			};
			name = Debug;
		};
		F81FB3381CFDA37900BADE48 /* Release */ = {
			isa = XCBuildConfiguration;
			buildSettings = {
				OTHER_LDFLAGS = "-ObjC";
				PRODUCT_NAME = "$(TARGET_NAME)";
				SKIP_INSTALL = YES;
			};
			name = Release;
		};
/* End XCBuildConfiguration section */

/* Begin XCConfigurationList section */
		F81FB3281CFDA37900BADE48 /* Build configuration list for PBXProject "SYKit" */ = {
			isa = XCConfigurationList;
			buildConfigurations = (
				F81FB3341CFDA37900BADE48 /* Debug */,
				F81FB3351CFDA37900BADE48 /* Release */,
			);
			defaultConfigurationIsVisible = 0;
			defaultConfigurationName = Release;
		};
		F81FB3361CFDA37900BADE48 /* Build configuration list for PBXNativeTarget "SYKit" */ = {
			isa = XCConfigurationList;
			buildConfigurations = (
				F81FB3371CFDA37900BADE48 /* Debug */,
				F81FB3381CFDA37900BADE48 /* Release */,
			);
			defaultConfigurationIsVisible = 0;
		};
/* End XCConfigurationList section */
	};
	rootObject = F81FB3251CFDA37900BADE48 /* Project object */;
}
